
Microsoft Visual Studio Solution File, Format Version 12.00
# Visual Studio 15
VisualStudioVersion = 15.0.28307.1340
MinimumVisualStudioVersion = 10.0.40219.1
Project("{FAE04EC0-301F-11D3-BF4B-00C04F79EFBC}") = "Assign 1 - Keeghan Johnson", "WindowsFormsApp1\Assign 1 - Keeghan Johnson.csproj", "{9B6D5EEF-9525-4685-89FC-955F954C941B}"
EndProject
Global
	GlobalSection(SolutionConfigurationPlatforms) = preSolution
		Debug|Any CPU = Debug|Any CPU
		Release|Any CPU = Release|Any CPU
	EndGlobalSection
	GlobalSection(ProjectConfigurationPlatforms) = postSolution
		{9B6D5EEF-9525-4685-89FC-955F954C941B}.Debug|Any CPU.ActiveCfg = Debug|Any CPU
		{9B6D5EEF-9525-4685-89FC-955F954C941B}.Debug|Any CPU.Build.0 = Debug|Any CPU
		{9B6D5EEF-9525-4685-89FC-955F954C941B}.Release|Any CPU.ActiveCfg = Release|Any CPU
		{9B6D5EEF-9525-4685-89FC-955F954C941B}.Release|Any CPU.Build.0 = Release|Any CPU
	EndGlobalSection
	GlobalSection(SolutionProperties) = preSolution
		HideSolutionNode = FALSE
	EndGlobalSection
	GlobalSection(ExtensibilityGlobals) = postSolution
		SolutionGuid = {4061E2EF-BB95-4547-B948-54D9A3DFDB65}
	EndGlobalSection
EndGlobal
